
Microsoft Visual Studio Solution File, Format Version 12.00
# Visual Studio Version 16
VisualStudioVersion = 16.0.30611.23
MinimumVisualStudioVersion = 10.0.40219.1
Project("{FAE04EC0-301F-11D3-BF4B-00C04F79EFBC}") = "Prometheus.PresentationLayer", "Prometheus.PresentationLayer\Prometheus.PresentationLayer.csproj", "{19CA38FA-79F9-444F-B5B6-F442FE5150DC}"
EndProject
Global
	GlobalSection(SolutionConfigurationPlatforms) = preSolution
		Debug|Any CPU = Debug|Any CPU
		Release|Any CPU = Release|Any CPU
	EndGlobalSection
	GlobalSection(ProjectConfigurationPlatforms) = postSolution
		{19CA38FA-79F9-444F-B5B6-F442FE5150DC}.Debug|Any CPU.ActiveCfg = Debug|Any CPU
		{19CA38FA-79F9-444F-B5B6-F442FE5150DC}.Debug|Any CPU.Build.0 = Debug|Any CPU
		{19CA38FA-79F9-444F-B5B6-F442FE5150DC}.Release|Any CPU.ActiveCfg = Release|Any CPU
		{19CA38FA-79F9-444F-B5B6-F442FE5150DC}.Release|Any CPU.Build.0 = Release|Any CPU
	EndGlobalSection
	GlobalSection(SolutionProperties) = preSolution
		HideSolutionNode = FALSE
	EndGlobalSection
	GlobalSection(ExtensibilityGlobals) = postSolution
		SolutionGuid = {1191078A-47F2-48D9-B14E-A8469F06CEA9}
	EndGlobalSection
EndGlobal
